
Microsoft Visual Studio Solution File, Format Version 12.00
# Visual Studio 14
VisualStudioVersion = 14.0.25123.0
MinimumVisualStudioVersion = 10.0.40219.1
Project("{FAE04EC0-301F-11D3-BF4B-00C04F79EFBC}") = "Auction.Mobile.Droid", "Auction.Mobile\Auction.Mobile.Droid\Auction.Mobile.Droid.csproj", "{1B265F77-5F89-4E00-AA2A-AF553EE9950D}"
EndProject
Project("{FAE04EC0-301F-11D3-BF4B-00C04F79EFBC}") = "Auction.Mobile.iOS", "Auction.Mobile\Auction.Mobile.iOS\Auction.Mobile.iOS.csproj", "{B3E5F4BB-6D64-4661-A516-26DCB3461FF8}"
EndProject
Project("{FAE04EC0-301F-11D3-BF4B-00C04F79EFBC}") = "Auction.Mobile.WinPhone", "Auction.Mobile\Auction.Mobile.WinPhone\Auction.Mobile.WinPhone.csproj", "{FD22850C-1CA9-4E93-9AD3-76E69C37C636}"
EndProject
Project("{FAE04EC0-301F-11D3-BF4B-00C04F79EFBC}") = "Auction.Mobile.UWP", "Auction.Mobile\Auction.Mobile.UWP\Auction.Mobile.UWP.csproj", "{3175FD7F-13DF-402F-8713-D8DBEFB962B7}"
EndProject
Project("{FAE04EC0-301F-11D3-BF4B-00C04F79EFBC}") = "Auction.Mobile.Windows", "Auction.Mobile\Auction.Mobile.Windows\Auction.Mobile.Windows.csproj", "{8350471C-52C5-4809-A800-3A056FF4A836}"
EndProject
Project("{D954291E-2A0B-460D-934E-DC6B0785DB48}") = "Auction.Mobile", "Auction.Mobile\Auction.Mobile\Auction.Mobile.shproj", "{AC1E66D9-E950-4831-AECB-68AA09285ADA}"
EndProject
Global
	GlobalSection(SharedMSBuildProjectFiles) = preSolution
		Auction.Mobile\Auction.Mobile\Auction.Mobile.projitems*{fd22850c-1ca9-4e93-9ad3-76e69c37c636}*SharedItemsImports = 4
		Auction.Mobile\Auction.Mobile\Auction.Mobile.projitems*{8350471c-52c5-4809-a800-3a056ff4a836}*SharedItemsImports = 4
		Auction.Mobile\Auction.Mobile\Auction.Mobile.projitems*{1b265f77-5f89-4e00-aa2a-af553ee9950d}*SharedItemsImports = 4
		Auction.Mobile\Auction.Mobile\Auction.Mobile.projitems*{b3e5f4bb-6d64-4661-a516-26dcb3461ff8}*SharedItemsImports = 4
		Auction.Mobile\Auction.Mobile\Auction.Mobile.projitems*{3175fd7f-13df-402f-8713-d8dbefb962b7}*SharedItemsImports = 4
		Auction.Mobile\Auction.Mobile\Auction.Mobile.projitems*{ac1e66d9-e950-4831-aecb-68aa09285ada}*SharedItemsImports = 13
	EndGlobalSection
	GlobalSection(SolutionConfigurationPlatforms) = preSolution
		Ad-Hoc|Any CPU = Ad-Hoc|Any CPU
		Ad-Hoc|ARM = Ad-Hoc|ARM
		Ad-Hoc|iPhone = Ad-Hoc|iPhone
		Ad-Hoc|iPhoneSimulator = Ad-Hoc|iPhoneSimulator
		Ad-Hoc|x64 = Ad-Hoc|x64
		Ad-Hoc|x86 = Ad-Hoc|x86
		AppStore|Any CPU = AppStore|Any CPU
		AppStore|ARM = AppStore|ARM
		AppStore|iPhone = AppStore|iPhone
		AppStore|iPhoneSimulator = AppStore|iPhoneSimulator
		AppStore|x64 = AppStore|x64
		AppStore|x86 = AppStore|x86
		Debug|Any CPU = Debug|Any CPU
		Debug|ARM = Debug|ARM
		Debug|iPhone = Debug|iPhone
		Debug|iPhoneSimulator = Debug|iPhoneSimulator
		Debug|x64 = Debug|x64
		Debug|x86 = Debug|x86
		Release|Any CPU = Release|Any CPU
		Release|ARM = Release|ARM
		Release|iPhone = Release|iPhone
		Release|iPhoneSimulator = Release|iPhoneSimulator
		Release|x64 = Release|x64
		Release|x86 = Release|x86
	EndGlobalSection
	GlobalSection(ProjectConfigurationPlatforms) = postSolution
		{1B265F77-5F89-4E00-AA2A-AF553EE9950D}.Ad-Hoc|Any CPU.ActiveCfg = Release|Any CPU
		{1B265F77-5F89-4E00-AA2A-AF553EE9950D}.Ad-Hoc|Any CPU.Build.0 = Release|Any CPU
		{1B265F77-5F89-4E00-AA2A-AF553EE9950D}.Ad-Hoc|Any CPU.Deploy.0 = Release|Any CPU
		{1B265F77-5F89-4E00-AA2A-AF553EE9950D}.Ad-Hoc|ARM.ActiveCfg = Release|Any CPU
		{1B265F77-5F89-4E00-AA2A-AF553EE9950D}.Ad-Hoc|ARM.Build.0 = Release|Any CPU
		{1B265F77-5F89-4E00-AA2A-AF553EE9950D}.Ad-Hoc|ARM.Deploy.0 = Release|Any CPU
		{1B265F77-5F89-4E00-AA2A-AF553EE9950D}.Ad-Hoc|iPhone.ActiveCfg = Release|Any CPU
		{1B265F77-5F89-4E00-AA2A-AF553EE9950D}.Ad-Hoc|iPhone.Build.0 = Release|Any CPU
		{1B265F77-5F89-4E00-AA2A-AF553EE9950D}.Ad-Hoc|iPhone.Deploy.0 = Release|Any CPU
		{1B265F77-5F89-4E00-AA2A-AF553EE9950D}.Ad-Hoc|iPhoneSimulator.ActiveCfg = Release|Any CPU
		{1B265F77-5F89-4E00-AA2A-AF553EE9950D}.Ad-Hoc|iPhoneSimulator.Build.0 = Release|Any CPU
		{1B265F77-5F89-4E00-AA2A-AF553EE9950D}.Ad-Hoc|iPhoneSimulator.Deploy.0 = Release|Any CPU
		{1B265F77-5F89-4E00-AA2A-AF553EE9950D}.Ad-Hoc|x64.ActiveCfg = Release|Any CPU
		{1B265F77-5F89-4E00-AA2A-AF553EE9950D}.Ad-Hoc|x64.Build.0 = Release|Any CPU
		{1B265F77-5F89-4E00-AA2A-AF553EE9950D}.Ad-Hoc|x64.Deploy.0 = Release|Any CPU
		{1B265F77-5F89-4E00-AA2A-AF553EE9950D}.Ad-Hoc|x86.ActiveCfg = Release|Any CPU
		{1B265F77-5F89-4E00-AA2A-AF553EE9950D}.Ad-Hoc|x86.Build.0 = Release|Any CPU
		{1B265F77-5F89-4E00-AA2A-AF553EE9950D}.Ad-Hoc|x86.Deploy.0 = Release|Any CPU
		{1B265F77-5F89-4E00-AA2A-AF553EE9950D}.AppStore|Any CPU.ActiveCfg = Release|Any CPU
		{1B265F77-5F89-4E00-AA2A-AF553EE9950D}.AppStore|Any CPU.Build.0 = Release|Any CPU
		{1B265F77-5F89-4E00-AA2A-AF553EE9950D}.AppStore|Any CPU.Deploy.0 = Release|Any CPU
		{1B265F77-5F89-4E00-AA2A-AF553EE9950D}.AppStore|ARM.ActiveCfg = Release|Any CPU
		{1B265F77-5F89-4E00-AA2A-AF553EE9950D}.AppStore|ARM.Build.0 = Release|Any CPU
		{1B265F77-5F89-4E00-AA2A-AF553EE9950D}.AppStore|ARM.Deploy.0 = Release|Any CPU
		{1B265F77-5F89-4E00-AA2A-AF553EE9950D}.AppStore|iPhone.ActiveCfg = Release|Any CPU
		{1B265F77-5F89-4E00-AA2A-AF553EE9950D}.AppStore|iPhone.Build.0 = Release|Any CPU
		{1B265F77-5F89-4E00-AA2A-AF553EE9950D}.AppStore|iPhone.Deploy.0 = Release|Any CPU
		{1B265F77-5F89-4E00-AA2A-AF553EE9950D}.AppStore|iPhoneSimulator.ActiveCfg = Release|Any CPU
		{1B265F77-5F89-4E00-AA2A-AF553EE9950D}.AppStore|iPhoneSimulator.Build.0 = Release|Any CPU
		{1B265F77-5F89-4E00-AA2A-AF553EE9950D}.AppStore|iPhoneSimulator.Deploy.0 = Release|Any CPU
		{1B265F77-5F89-4E00-AA2A-AF553EE9950D}.AppStore|x64.ActiveCfg = Release|Any CPU
		{1B265F77-5F89-4E00-AA2A-AF553EE9950D}.AppStore|x64.Build.0 = Release|Any CPU
		{1B265F77-5F89-4E00-AA2A-AF553EE9950D}.AppStore|x64.Deploy.0 = Release|Any CPU
		{1B265F77-5F89-4E00-AA2A-AF553EE9950D}.AppStore|x86.ActiveCfg = Release|Any CPU
		{1B265F77-5F89-4E00-AA2A-AF553EE9950D}.AppStore|x86.Build.0 = Release|Any CPU
		{1B265F77-5F89-4E00-AA2A-AF553EE9950D}.AppStore|x86.Deploy.0 = Release|Any CPU
		{1B265F77-5F89-4E00-AA2A-AF553EE9950D}.Debug|Any CPU.ActiveCfg = Debug|Any CPU
		{1B265F77-5F89-4E00-AA2A-AF553EE9950D}.Debug|Any CPU.Build.0 = Debug|Any CPU
		{1B265F77-5F89-4E00-AA2A-AF553EE9950D}.Debug|Any CPU.Deploy.0 = Debug|Any CPU
		{1B265F77-5F89-4E00-AA2A-AF553EE9950D}.Debug|ARM.ActiveCfg = Debug|Any CPU
		{1B265F77-5F89-4E00-AA2A-AF553EE9950D}.Debug|ARM.Build.0 = Debug|Any CPU
		{1B265F77-5F89-4E00-AA2A-AF553EE9950D}.Debug|ARM.Deploy.0 = Debug|Any CPU
		{1B265F77-5F89-4E00-AA2A-AF553EE9950D}.Debug|iPhone.ActiveCfg = Debug|Any CPU
		{1B265F77-5F89-4E00-AA2A-AF553EE9950D}.Debug|iPhone.Build.0 = Debug|Any CPU
		{1B265F77-5F89-4E00-AA2A-AF553EE9950D}.Debug|iPhone.Deploy.0 = Debug|Any CPU
		{1B265F77-5F89-4E00-AA2A-AF553EE9950D}.Debug|iPhoneSimulator.ActiveCfg = Debug|Any CPU
		{1B265F77-5F89-4E00-AA2A-AF553EE9950D}.Debug|iPhoneSimulator.Build.0 = Debug|Any CPU
		{1B265F77-5F89-4E00-AA2A-AF553EE9950D}.Debug|iPhoneSimulator.Deploy.0 = Debug|Any CPU
		{1B265F77-5F89-4E00-AA2A-AF553EE9950D}.Debug|x64.ActiveCfg = Debug|Any CPU
		{1B265F77-5F89-4E00-AA2A-AF553EE9950D}.Debug|x64.Build.0 = Debug|Any CPU
		{1B265F77-5F89-4E00-AA2A-AF553EE9950D}.Debug|x64.Deploy.0 = Debug|Any CPU
		{1B265F77-5F89-4E00-AA2A-AF553EE9950D}.Debug|x86.ActiveCfg = Debug|Any CPU
		{1B265F77-5F89-4E00-AA2A-AF553EE9950D}.Debug|x86.Build.0 = Debug|Any CPU
		{1B265F77-5F89-4E00-AA2A-AF553EE9950D}.Debug|x86.Deploy.0 = Debug|Any CPU
		{1B265F77-5F89-4E00-AA2A-AF553EE9950D}.Release|Any CPU.ActiveCfg = Release|Any CPU
		{1B265F77-5F89-4E00-AA2A-AF553EE9950D}.Release|Any CPU.Build.0 = Release|Any CPU
		{1B265F77-5F89-4E00-AA2A-AF553EE9950D}.Release|Any CPU.Deploy.0 = Release|Any CPU
		{1B265F77-5F89-4E00-AA2A-AF553EE9950D}.Release|ARM.ActiveCfg = Release|Any CPU
		{1B265F77-5F89-4E00-AA2A-AF553EE9950D}.Release|ARM.Build.0 = Release|Any CPU
		{1B265F77-5F89-4E00-AA2A-AF553EE9950D}.Release|ARM.Deploy.0 = Release|Any CPU
		{1B265F77-5F89-4E00-AA2A-AF553EE9950D}.Release|iPhone.ActiveCfg = Release|Any CPU
		{1B265F77-5F89-4E00-AA2A-AF553EE9950D}.Release|iPhone.Build.0 = Release|Any CPU
		{1B265F77-5F89-4E00-AA2A-AF553EE9950D}.Release|iPhone.Deploy.0 = Release|Any CPU
		{1B265F77-5F89-4E00-AA2A-AF553EE9950D}.Release|iPhoneSimulator.ActiveCfg = Release|Any CPU
		{1B265F77-5F89-4E00-AA2A-AF553EE9950D}.Release|iPhoneSimulator.Build.0 = Release|Any CPU
		{1B265F77-5F89-4E00-AA2A-AF553EE9950D}.Release|iPhoneSimulator.Deploy.0 = Release|Any CPU
		{1B265F77-5F89-4E00-AA2A-AF553EE9950D}.Release|x64.ActiveCfg = Release|Any CPU
		{1B265F77-5F89-4E00-AA2A-AF553EE9950D}.Release|x64.Build.0 = Release|Any CPU
		{1B265F77-5F89-4E00-AA2A-AF553EE9950D}.Release|x64.Deploy.0 = Release|Any CPU
		{1B265F77-5F89-4E00-AA2A-AF553EE9950D}.Release|x86.ActiveCfg = Release|Any CPU
		{1B265F77-5F89-4E00-AA2A-AF553EE9950D}.Release|x86.Build.0 = Release|Any CPU
		{1B265F77-5F89-4E00-AA2A-AF553EE9950D}.Release|x86.Deploy.0 = Release|Any CPU
		{B3E5F4BB-6D64-4661-A516-26DCB3461FF8}.Ad-Hoc|Any CPU.ActiveCfg = Ad-Hoc|iPhone
		{B3E5F4BB-6D64-4661-A516-26DCB3461FF8}.Ad-Hoc|ARM.ActiveCfg = Ad-Hoc|iPhone
		{B3E5F4BB-6D64-4661-A516-26DCB3461FF8}.Ad-Hoc|iPhone.ActiveCfg = Ad-Hoc|iPhone
		{B3E5F4BB-6D64-4661-A516-26DCB3461FF8}.Ad-Hoc|iPhone.Build.0 = Ad-Hoc|iPhone
		{B3E5F4BB-6D64-4661-A516-26DCB3461FF8}.Ad-Hoc|iPhoneSimulator.ActiveCfg = Ad-Hoc|iPhoneSimulator
		{B3E5F4BB-6D64-4661-A516-26DCB3461FF8}.Ad-Hoc|iPhoneSimulator.Build.0 = Ad-Hoc|iPhoneSimulator
		{B3E5F4BB-6D64-4661-A516-26DCB3461FF8}.Ad-Hoc|x64.ActiveCfg = Ad-Hoc|iPhone
		{B3E5F4BB-6D64-4661-A516-26DCB3461FF8}.Ad-Hoc|x86.ActiveCfg = Ad-Hoc|iPhone
		{B3E5F4BB-6D64-4661-A516-26DCB3461FF8}.AppStore|Any CPU.ActiveCfg = AppStore|iPhone
		{B3E5F4BB-6D64-4661-A516-26DCB3461FF8}.AppStore|ARM.ActiveCfg = AppStore|iPhone
		{B3E5F4BB-6D64-4661-A516-26DCB3461FF8}.AppStore|iPhone.ActiveCfg = AppStore|iPhone
		{B3E5F4BB-6D64-4661-A516-26DCB3461FF8}.AppStore|iPhone.Build.0 = AppStore|iPhone
		{B3E5F4BB-6D64-4661-A516-26DCB3461FF8}.AppStore|iPhoneSimulator.ActiveCfg = AppStore|iPhoneSimulator
		{B3E5F4BB-6D64-4661-A516-26DCB3461FF8}.AppStore|iPhoneSimulator.Build.0 = AppStore|iPhoneSimulator
		{B3E5F4BB-6D64-4661-A516-26DCB3461FF8}.AppStore|x64.ActiveCfg = AppStore|iPhone
		{B3E5F4BB-6D64-4661-A516-26DCB3461FF8}.AppStore|x86.ActiveCfg = AppStore|iPhone
		{B3E5F4BB-6D64-4661-A516-26DCB3461FF8}.Debug|Any CPU.ActiveCfg = Debug|iPhone
		{B3E5F4BB-6D64-4661-A516-26DCB3461FF8}.Debug|ARM.ActiveCfg = Debug|iPhone
		{B3E5F4BB-6D64-4661-A516-26DCB3461FF8}.Debug|iPhone.ActiveCfg = Debug|iPhone
		{B3E5F4BB-6D64-4661-A516-26DCB3461FF8}.Debug|iPhone.Build.0 = Debug|iPhone
		{B3E5F4BB-6D64-4661-A516-26DCB3461FF8}.Debug|iPhoneSimulator.ActiveCfg = Debug|iPhoneSimulator
		{B3E5F4BB-6D64-4661-A516-26DCB3461FF8}.Debug|iPhoneSimulator.Build.0 = Debug|iPhoneSimulator
		{B3E5F4BB-6D64-4661-A516-26DCB3461FF8}.Debug|x64.ActiveCfg = Debug|iPhone
		{B3E5F4BB-6D64-4661-A516-26DCB3461FF8}.Debug|x86.ActiveCfg = Debug|iPhone
		{B3E5F4BB-6D64-4661-A516-26DCB3461FF8}.Release|Any CPU.ActiveCfg = Release|iPhone
		{B3E5F4BB-6D64-4661-A516-26DCB3461FF8}.Release|ARM.ActiveCfg = Release|iPhone
		{B3E5F4BB-6D64-4661-A516-26DCB3461FF8}.Release|iPhone.ActiveCfg = Release|iPhone
		{B3E5F4BB-6D64-4661-A516-26DCB3461FF8}.Release|iPhone.Build.0 = Release|iPhone
		{B3E5F4BB-6D64-4661-A516-26DCB3461FF8}.Release|iPhoneSimulator.ActiveCfg = Release|iPhoneSimulator
		{B3E5F4BB-6D64-4661-A516-26DCB3461FF8}.Release|iPhoneSimulator.Build.0 = Release|iPhoneSimulator
		{B3E5F4BB-6D64-4661-A516-26DCB3461FF8}.Release|x64.ActiveCfg = Release|iPhone
		{B3E5F4BB-6D64-4661-A516-26DCB3461FF8}.Release|x86.ActiveCfg = Release|iPhone
		{FD22850C-1CA9-4E93-9AD3-76E69C37C636}.Ad-Hoc|Any CPU.ActiveCfg = Release|Any CPU
		{FD22850C-1CA9-4E93-9AD3-76E69C37C636}.Ad-Hoc|Any CPU.Build.0 = Release|Any CPU
		{FD22850C-1CA9-4E93-9AD3-76E69C37C636}.Ad-Hoc|Any CPU.Deploy.0 = Release|Any CPU
		{FD22850C-1CA9-4E93-9AD3-76E69C37C636}.Ad-Hoc|ARM.ActiveCfg = Release|ARM
		{FD22850C-1CA9-4E93-9AD3-76E69C37C636}.Ad-Hoc|ARM.Build.0 = Release|ARM
		{FD22850C-1CA9-4E93-9AD3-76E69C37C636}.Ad-Hoc|ARM.Deploy.0 = Release|ARM
		{FD22850C-1CA9-4E93-9AD3-76E69C37C636}.Ad-Hoc|iPhone.ActiveCfg = Release|Any CPU
		{FD22850C-1CA9-4E93-9AD3-76E69C37C636}.Ad-Hoc|iPhone.Build.0 = Release|Any CPU
		{FD22850C-1CA9-4E93-9AD3-76E69C37C636}.Ad-Hoc|iPhone.Deploy.0 = Release|Any CPU
		{FD22850C-1CA9-4E93-9AD3-76E69C37C636}.Ad-Hoc|iPhoneSimulator.ActiveCfg = Release|Any CPU
		{FD22850C-1CA9-4E93-9AD3-76E69C37C636}.Ad-Hoc|iPhoneSimulator.Build.0 = Release|Any CPU
		{FD22850C-1CA9-4E93-9AD3-76E69C37C636}.Ad-Hoc|iPhoneSimulator.Deploy.0 = Release|Any CPU
		{FD22850C-1CA9-4E93-9AD3-76E69C37C636}.Ad-Hoc|x64.ActiveCfg = Release|Any CPU
		{FD22850C-1CA9-4E93-9AD3-76E69C37C636}.Ad-Hoc|x64.Build.0 = Release|Any CPU
		{FD22850C-1CA9-4E93-9AD3-76E69C37C636}.Ad-Hoc|x64.Deploy.0 = Release|Any CPU
		{FD22850C-1CA9-4E93-9AD3-76E69C37C636}.Ad-Hoc|x86.ActiveCfg = Release|x86
		{FD22850C-1CA9-4E93-9AD3-76E69C37C636}.Ad-Hoc|x86.Build.0 = Release|x86
		{FD22850C-1CA9-4E93-9AD3-76E69C37C636}.Ad-Hoc|x86.Deploy.0 = Release|x86
		{FD22850C-1CA9-4E93-9AD3-76E69C37C636}.AppStore|Any CPU.ActiveCfg = Release|Any CPU
		{FD22850C-1CA9-4E93-9AD3-76E69C37C636}.AppStore|Any CPU.Build.0 = Release|Any CPU
		{FD22850C-1CA9-4E93-9AD3-76E69C37C636}.AppStore|Any CPU.Deploy.0 = Release|Any CPU
		{FD22850C-1CA9-4E93-9AD3-76E69C37C636}.AppStore|ARM.ActiveCfg = Release|ARM
		{FD22850C-1CA9-4E93-9AD3-76E69C37C636}.AppStore|ARM.Build.0 = Release|ARM
		{FD22850C-1CA9-4E93-9AD3-76E69C37C636}.AppStore|ARM.Deploy.0 = Release|ARM
		{FD22850C-1CA9-4E93-9AD3-76E69C37C636}.AppStore|iPhone.ActiveCfg = Release|Any CPU
		{FD22850C-1CA9-4E93-9AD3-76E69C37C636}.AppStore|iPhone.Build.0 = Release|Any CPU
		{FD22850C-1CA9-4E93-9AD3-76E69C37C636}.AppStore|iPhone.Deploy.0 = Release|Any CPU
		{FD22850C-1CA9-4E93-9AD3-76E69C37C636}.AppStore|iPhoneSimulator.ActiveCfg = Release|Any CPU
		{FD22850C-1CA9-4E93-9AD3-76E69C37C636}.AppStore|iPhoneSimulator.Build.0 = Release|Any CPU
		{FD22850C-1CA9-4E93-9AD3-76E69C37C636}.AppStore|iPhoneSimulator.Deploy.0 = Release|Any CPU
		{FD22850C-1CA9-4E93-9AD3-76E69C37C636}.AppStore|x64.ActiveCfg = Release|Any CPU
		{FD22850C-1CA9-4E93-9AD3-76E69C37C636}.AppStore|x64.Build.0 = Release|Any CPU
		{FD22850C-1CA9-4E93-9AD3-76E69C37C636}.AppStore|x64.Deploy.0 = Release|Any CPU
		{FD22850C-1CA9-4E93-9AD3-76E69C37C636}.AppStore|x86.ActiveCfg = Release|x86
		{FD22850C-1CA9-4E93-9AD3-76E69C37C636}.AppStore|x86.Build.0 = Release|x86
		{FD22850C-1CA9-4E93-9AD3-76E69C37C636}.AppStore|x86.Deploy.0 = Release|x86
		{FD22850C-1CA9-4E93-9AD3-76E69C37C636}.Debug|Any CPU.ActiveCfg = Debug|Any CPU
		{FD22850C-1CA9-4E93-9AD3-76E69C37C636}.Debug|Any CPU.Build.0 = Debug|Any CPU
		{FD22850C-1CA9-4E93-9AD3-76E69C37C636}.Debug|Any CPU.Deploy.0 = Debug|Any CPU
		{FD22850C-1CA9-4E93-9AD3-76E69C37C636}.Debug|ARM.ActiveCfg = Debug|ARM
		{FD22850C-1CA9-4E93-9AD3-76E69C37C636}.Debug|ARM.Build.0 = Debug|ARM
		{FD22850C-1CA9-4E93-9AD3-76E69C37C636}.Debug|ARM.Deploy.0 = Debug|ARM
		{FD22850C-1CA9-4E93-9AD3-76E69C37C636}.Debug|iPhone.ActiveCfg = Debug|Any CPU
		{FD22850C-1CA9-4E93-9AD3-76E69C37C636}.Debug|iPhone.Build.0 = Debug|Any CPU
		{FD22850C-1CA9-4E93-9AD3-76E69C37C636}.Debug|iPhone.Deploy.0 = Debug|Any CPU
		{FD22850C-1CA9-4E93-9AD3-76E69C37C636}.Debug|iPhoneSimulator.ActiveCfg = Debug|Any CPU
		{FD22850C-1CA9-4E93-9AD3-76E69C37C636}.Debug|iPhoneSimulator.Build.0 = Debug|Any CPU
		{FD22850C-1CA9-4E93-9AD3-76E69C37C636}.Debug|iPhoneSimulator.Deploy.0 = Debug|Any CPU
		{FD22850C-1CA9-4E93-9AD3-76E69C37C636}.Debug|x64.ActiveCfg = Debug|Any CPU
		{FD22850C-1CA9-4E93-9AD3-76E69C37C636}.Debug|x64.Build.0 = Debug|Any CPU
		{FD22850C-1CA9-4E93-9AD3-76E69C37C636}.Debug|x64.Deploy.0 = Debug|Any CPU
		{FD22850C-1CA9-4E93-9AD3-76E69C37C636}.Debug|x86.ActiveCfg = Debug|x86
		{FD22850C-1CA9-4E93-9AD3-76E69C37C636}.Debug|x86.Build.0 = Debug|x86
		{FD22850C-1CA9-4E93-9AD3-76E69C37C636}.Debug|x86.Deploy.0 = Debug|x86
		{FD22850C-1CA9-4E93-9AD3-76E69C37C636}.Release|Any CPU.ActiveCfg = Release|Any CPU
		{FD22850C-1CA9-4E93-9AD3-76E69C37C636}.Release|Any CPU.Build.0 = Release|Any CPU
		{FD22850C-1CA9-4E93-9AD3-76E69C37C636}.Release|Any CPU.Deploy.0 = Release|Any CPU
		{FD22850C-1CA9-4E93-9AD3-76E69C37C636}.Release|ARM.ActiveCfg = Release|ARM
		{FD22850C-1CA9-4E93-9AD3-76E69C37C636}.Release|ARM.Build.0 = Release|ARM
		{FD22850C-1CA9-4E93-9AD3-76E69C37C636}.Release|ARM.Deploy.0 = Release|ARM
		{FD22850C-1CA9-4E93-9AD3-76E69C37C636}.Release|iPhone.ActiveCfg = Release|Any CPU
		{FD22850C-1CA9-4E93-9AD3-76E69C37C636}.Release|iPhone.Build.0 = Release|Any CPU
		{FD22850C-1CA9-4E93-9AD3-76E69C37C636}.Release|iPhone.Deploy.0 = Release|Any CPU
		{FD22850C-1CA9-4E93-9AD3-76E69C37C636}.Release|iPhoneSimulator.ActiveCfg = Release|Any CPU
		{FD22850C-1CA9-4E93-9AD3-76E69C37C636}.Release|iPhoneSimulator.Build.0 = Release|Any CPU
		{FD22850C-1CA9-4E93-9AD3-76E69C37C636}.Release|iPhoneSimulator.Deploy.0 = Release|Any CPU
		{FD22850C-1CA9-4E93-9AD3-76E69C37C636}.Release|x64.ActiveCfg = Release|Any CPU
		{FD22850C-1CA9-4E93-9AD3-76E69C37C636}.Release|x64.Build.0 = Release|Any CPU
		{FD22850C-1CA9-4E93-9AD3-76E69C37C636}.Release|x64.Deploy.0 = Release|Any CPU
		{FD22850C-1CA9-4E93-9AD3-76E69C37C636}.Release|x86.ActiveCfg = Release|x86
		{FD22850C-1CA9-4E93-9AD3-76E69C37C636}.Release|x86.Build.0 = Release|x86
		{FD22850C-1CA9-4E93-9AD3-76E69C37C636}.Release|x86.Deploy.0 = Release|x86
		{3175FD7F-13DF-402F-8713-D8DBEFB962B7}.Ad-Hoc|Any CPU.ActiveCfg = Release|x86
		{3175FD7F-13DF-402F-8713-D8DBEFB962B7}.Ad-Hoc|Any CPU.Build.0 = Release|x86
		{3175FD7F-13DF-402F-8713-D8DBEFB962B7}.Ad-Hoc|Any CPU.Deploy.0 = Release|x86
		{3175FD7F-13DF-402F-8713-D8DBEFB962B7}.Ad-Hoc|ARM.ActiveCfg = Release|ARM
		{3175FD7F-13DF-402F-8713-D8DBEFB962B7}.Ad-Hoc|ARM.Build.0 = Release|ARM
		{3175FD7F-13DF-402F-8713-D8DBEFB962B7}.Ad-Hoc|ARM.Deploy.0 = Release|ARM
		{3175FD7F-13DF-402F-8713-D8DBEFB962B7}.Ad-Hoc|iPhone.ActiveCfg = Release|x86
		{3175FD7F-13DF-402F-8713-D8DBEFB962B7}.Ad-Hoc|iPhone.Build.0 = Release|x86
		{3175FD7F-13DF-402F-8713-D8DBEFB962B7}.Ad-Hoc|iPhone.Deploy.0 = Release|x86
		{3175FD7F-13DF-402F-8713-D8DBEFB962B7}.Ad-Hoc|iPhoneSimulator.ActiveCfg = Release|x86
		{3175FD7F-13DF-402F-8713-D8DBEFB962B7}.Ad-Hoc|iPhoneSimulator.Build.0 = Release|x86
		{3175FD7F-13DF-402F-8713-D8DBEFB962B7}.Ad-Hoc|iPhoneSimulator.Deploy.0 = Release|x86
		{3175FD7F-13DF-402F-8713-D8DBEFB962B7}.Ad-Hoc|x64.ActiveCfg = Release|x64
		{3175FD7F-13DF-402F-8713-D8DBEFB962B7}.Ad-Hoc|x64.Build.0 = Release|x64
		{3175FD7F-13DF-402F-8713-D8DBEFB962B7}.Ad-Hoc|x64.Deploy.0 = Release|x64
		{3175FD7F-13DF-402F-8713-D8DBEFB962B7}.Ad-Hoc|x86.ActiveCfg = Release|x86
		{3175FD7F-13DF-402F-8713-D8DBEFB962B7}.Ad-Hoc|x86.Build.0 = Release|x86
		{3175FD7F-13DF-402F-8713-D8DBEFB962B7}.Ad-Hoc|x86.Deploy.0 = Release|x86
		{3175FD7F-13DF-402F-8713-D8DBEFB962B7}.AppStore|Any CPU.ActiveCfg = Release|x86
		{3175FD7F-13DF-402F-8713-D8DBEFB962B7}.AppStore|Any CPU.Build.0 = Release|x86
		{3175FD7F-13DF-402F-8713-D8DBEFB962B7}.AppStore|Any CPU.Deploy.0 = Release|x86
		{3175FD7F-13DF-402F-8713-D8DBEFB962B7}.AppStore|ARM.ActiveCfg = Release|ARM
		{3175FD7F-13DF-402F-8713-D8DBEFB962B7}.AppStore|ARM.Build.0 = Release|ARM
		{3175FD7F-13DF-402F-8713-D8DBEFB962B7}.AppStore|ARM.Deploy.0 = Release|ARM
		{3175FD7F-13DF-402F-8713-D8DBEFB962B7}.AppStore|iPhone.ActiveCfg = Release|x86
		{3175FD7F-13DF-402F-8713-D8DBEFB962B7}.AppStore|iPhone.Build.0 = Release|x86
		{3175FD7F-13DF-402F-8713-D8DBEFB962B7}.AppStore|iPhone.Deploy.0 = Release|x86
		{3175FD7F-13DF-402F-8713-D8DBEFB962B7}.AppStore|iPhoneSimulator.ActiveCfg = Release|x86
		{3175FD7F-13DF-402F-8713-D8DBEFB962B7}.AppStore|iPhoneSimulator.Build.0 = Release|x86
		{3175FD7F-13DF-402F-8713-D8DBEFB962B7}.AppStore|iPhoneSimulator.Deploy.0 = Release|x86
		{3175FD7F-13DF-402F-8713-D8DBEFB962B7}.AppStore|x64.ActiveCfg = Release|x64
		{3175FD7F-13DF-402F-8713-D8DBEFB962B7}.AppStore|x64.Build.0 = Release|x64
		{3175FD7F-13DF-402F-8713-D8DBEFB962B7}.AppStore|x64.Deploy.0 = Release|x64
		{3175FD7F-13DF-402F-8713-D8DBEFB962B7}.AppStore|x86.ActiveCfg = Release|x86
		{3175FD7F-13DF-402F-8713-D8DBEFB962B7}.AppStore|x86.Build.0 = Release|x86
		{3175FD7F-13DF-402F-8713-D8DBEFB962B7}.AppStore|x86.Deploy.0 = Release|x86
		{3175FD7F-13DF-402F-8713-D8DBEFB962B7}.Debug|Any CPU.ActiveCfg = Debug|x86
		{3175FD7F-13DF-402F-8713-D8DBEFB962B7}.Debug|ARM.ActiveCfg = Debug|ARM
		{3175FD7F-13DF-402F-8713-D8DBEFB962B7}.Debug|ARM.Build.0 = Debug|ARM
		{3175FD7F-13DF-402F-8713-D8DBEFB962B7}.Debug|ARM.Deploy.0 = Debug|ARM
		{3175FD7F-13DF-402F-8713-D8DBEFB962B7}.Debug|iPhone.ActiveCfg = Debug|x86
		{3175FD7F-13DF-402F-8713-D8DBEFB962B7}.Debug|iPhoneSimulator.ActiveCfg = Debug|x86
		{3175FD7F-13DF-402F-8713-D8DBEFB962B7}.Debug|x64.ActiveCfg = Debug|x64
		{3175FD7F-13DF-402F-8713-D8DBEFB962B7}.Debug|x64.Build.0 = Debug|x64
		{3175FD7F-13DF-402F-8713-D8DBEFB962B7}.Debug|x64.Deploy.0 = Debug|x64
		{3175FD7F-13DF-402F-8713-D8DBEFB962B7}.Debug|x86.ActiveCfg = Debug|x86
		{3175FD7F-13DF-402F-8713-D8DBEFB962B7}.Debug|x86.Build.0 = Debug|x86
		{3175FD7F-13DF-402F-8713-D8DBEFB962B7}.Debug|x86.Deploy.0 = Debug|x86
		{3175FD7F-13DF-402F-8713-D8DBEFB962B7}.Release|Any CPU.ActiveCfg = Release|x86
		{3175FD7F-13DF-402F-8713-D8DBEFB962B7}.Release|ARM.ActiveCfg = Release|ARM
		{3175FD7F-13DF-402F-8713-D8DBEFB962B7}.Release|ARM.Build.0 = Release|ARM
		{3175FD7F-13DF-402F-8713-D8DBEFB962B7}.Release|ARM.Deploy.0 = Release|ARM
		{3175FD7F-13DF-402F-8713-D8DBEFB962B7}.Release|iPhone.ActiveCfg = Release|x86
		{3175FD7F-13DF-402F-8713-D8DBEFB962B7}.Release|iPhoneSimulator.ActiveCfg = Release|x86
		{3175FD7F-13DF-402F-8713-D8DBEFB962B7}.Release|x64.ActiveCfg = Release|x64
		{3175FD7F-13DF-402F-8713-D8DBEFB962B7}.Release|x64.Build.0 = Release|x64
		{3175FD7F-13DF-402F-8713-D8DBEFB962B7}.Release|x64.Deploy.0 = Release|x64
		{3175FD7F-13DF-402F-8713-D8DBEFB962B7}.Release|x86.ActiveCfg = Release|x86
		{3175FD7F-13DF-402F-8713-D8DBEFB962B7}.Release|x86.Build.0 = Release|x86
		{3175FD7F-13DF-402F-8713-D8DBEFB962B7}.Release|x86.Deploy.0 = Release|x86
		{8350471C-52C5-4809-A800-3A056FF4A836}.Ad-Hoc|Any CPU.ActiveCfg = Release|Any CPU
		{8350471C-52C5-4809-A800-3A056FF4A836}.Ad-Hoc|Any CPU.Build.0 = Release|Any CPU
		{8350471C-52C5-4809-A800-3A056FF4A836}.Ad-Hoc|Any CPU.Deploy.0 = Release|Any CPU
		{8350471C-52C5-4809-A800-3A056FF4A836}.Ad-Hoc|ARM.ActiveCfg = Release|ARM
		{8350471C-52C5-4809-A800-3A056FF4A836}.Ad-Hoc|ARM.Build.0 = Release|ARM
		{8350471C-52C5-4809-A800-3A056FF4A836}.Ad-Hoc|ARM.Deploy.0 = Release|ARM
		{8350471C-52C5-4809-A800-3A056FF4A836}.Ad-Hoc|iPhone.ActiveCfg = Release|Any CPU
		{8350471C-52C5-4809-A800-3A056FF4A836}.Ad-Hoc|iPhone.Build.0 = Release|Any CPU
		{8350471C-52C5-4809-A800-3A056FF4A836}.Ad-Hoc|iPhone.Deploy.0 = Release|Any CPU
		{8350471C-52C5-4809-A800-3A056FF4A836}.Ad-Hoc|iPhoneSimulator.ActiveCfg = Release|Any CPU
		{8350471C-52C5-4809-A800-3A056FF4A836}.Ad-Hoc|iPhoneSimulator.Build.0 = Release|Any CPU
		{8350471C-52C5-4809-A800-3A056FF4A836}.Ad-Hoc|iPhoneSimulator.Deploy.0 = Release|Any CPU
		{8350471C-52C5-4809-A800-3A056FF4A836}.Ad-Hoc|x64.ActiveCfg = Release|x64
		{8350471C-52C5-4809-A800-3A056FF4A836}.Ad-Hoc|x64.Build.0 = Release|x64
		{8350471C-52C5-4809-A800-3A056FF4A836}.Ad-Hoc|x64.Deploy.0 = Release|x64
		{8350471C-52C5-4809-A800-3A056FF4A836}.Ad-Hoc|x86.ActiveCfg = Release|x86
		{8350471C-52C5-4809-A800-3A056FF4A836}.Ad-Hoc|x86.Build.0 = Release|x86
		{8350471C-52C5-4809-A800-3A056FF4A836}.Ad-Hoc|x86.Deploy.0 = Release|x86
		{8350471C-52C5-4809-A800-3A056FF4A836}.AppStore|Any CPU.ActiveCfg = Release|Any CPU
		{8350471C-52C5-4809-A800-3A056FF4A836}.AppStore|Any CPU.Build.0 = Release|Any CPU
		{8350471C-52C5-4809-A800-3A056FF4A836}.AppStore|Any CPU.Deploy.0 = Release|Any CPU
		{8350471C-52C5-4809-A800-3A056FF4A836}.AppStore|ARM.ActiveCfg = Release|ARM
		{8350471C-52C5-4809-A800-3A056FF4A836}.AppStore|ARM.Build.0 = Release|ARM
		{8350471C-52C5-4809-A800-3A056FF4A836}.AppStore|ARM.Deploy.0 = Release|ARM
		{8350471C-52C5-4809-A800-3A056FF4A836}.AppStore|iPhone.ActiveCfg = Release|Any CPU
		{8350471C-52C5-4809-A800-3A056FF4A836}.AppStore|iPhone.Build.0 = Release|Any CPU
		{8350471C-52C5-4809-A800-3A056FF4A836}.AppStore|iPhone.Deploy.0 = Release|Any CPU
		{8350471C-52C5-4809-A800-3A056FF4A836}.AppStore|iPhoneSimulator.ActiveCfg = Release|Any CPU
		{8350471C-52C5-4809-A800-3A056FF4A836}.AppStore|iPhoneSimulator.Build.0 = Release|Any CPU
		{8350471C-52C5-4809-A800-3A056FF4A836}.AppStore|iPhoneSimulator.Deploy.0 = Release|Any CPU
		{8350471C-52C5-4809-A800-3A056FF4A836}.AppStore|x64.ActiveCfg = Release|x64
		{8350471C-52C5-4809-A800-3A056FF4A836}.AppStore|x64.Build.0 = Release|x64
		{8350471C-52C5-4809-A800-3A056FF4A836}.AppStore|x64.Deploy.0 = Release|x64
		{8350471C-52C5-4809-A800-3A056FF4A836}.AppStore|x86.ActiveCfg = Release|x86
		{8350471C-52C5-4809-A800-3A056FF4A836}.AppStore|x86.Build.0 = Release|x86
		{8350471C-52C5-4809-A800-3A056FF4A836}.AppStore|x86.Deploy.0 = Release|x86
		{8350471C-52C5-4809-A800-3A056FF4A836}.Debug|Any CPU.ActiveCfg = Debug|Any CPU
		{8350471C-52C5-4809-A800-3A056FF4A836}.Debug|Any CPU.Build.0 = Debug|Any CPU
		{8350471C-52C5-4809-A800-3A056FF4A836}.Debug|Any CPU.Deploy.0 = Debug|Any CPU
		{8350471C-52C5-4809-A800-3A056FF4A836}.Debug|ARM.ActiveCfg = Debug|ARM
		{8350471C-52C5-4809-A800-3A056FF4A836}.Debug|ARM.Build.0 = Debug|ARM
		{8350471C-52C5-4809-A800-3A056FF4A836}.Debug|ARM.Deploy.0 = Debug|ARM
		{8350471C-52C5-4809-A800-3A056FF4A836}.Debug|iPhone.ActiveCfg = Debug|Any CPU
		{8350471C-52C5-4809-A800-3A056FF4A836}.Debug|iPhone.Build.0 = Debug|Any CPU
		{8350471C-52C5-4809-A800-3A056FF4A836}.Debug|iPhone.Deploy.0 = Debug|Any CPU
		{8350471C-52C5-4809-A800-3A056FF4A836}.Debug|iPhoneSimulator.ActiveCfg = Debug|Any CPU
		{8350471C-52C5-4809-A800-3A056FF4A836}.Debug|iPhoneSimulator.Build.0 = Debug|Any CPU
		{8350471C-52C5-4809-A800-3A056FF4A836}.Debug|iPhoneSimulator.Deploy.0 = Debug|Any CPU
		{8350471C-52C5-4809-A800-3A056FF4A836}.Debug|x64.ActiveCfg = Debug|x64
		{8350471C-52C5-4809-A800-3A056FF4A836}.Debug|x64.Build.0 = Debug|x64
		{8350471C-52C5-4809-A800-3A056FF4A836}.Debug|x64.Deploy.0 = Debug|x64
		{8350471C-52C5-4809-A800-3A056FF4A836}.Debug|x86.ActiveCfg = Debug|x86
		{8350471C-52C5-4809-A800-3A056FF4A836}.Debug|x86.Build.0 = Debug|x86
		{8350471C-52C5-4809-A800-3A056FF4A836}.Debug|x86.Deploy.0 = Debug|x86
		{8350471C-52C5-4809-A800-3A056FF4A836}.Release|Any CPU.ActiveCfg = Release|Any CPU
		{8350471C-52C5-4809-A800-3A056FF4A836}.Release|Any CPU.Build.0 = Release|Any CPU
		{8350471C-52C5-4809-A800-3A056FF4A836}.Release|Any CPU.Deploy.0 = Release|Any CPU
		{8350471C-52C5-4809-A800-3A056FF4A836}.Release|ARM.ActiveCfg = Release|ARM
		{8350471C-52C5-4809-A800-3A056FF4A836}.Release|ARM.Build.0 = Release|ARM
		{8350471C-52C5-4809-A800-3A056FF4A836}.Release|ARM.Deploy.0 = Release|ARM
		{8350471C-52C5-4809-A800-3A056FF4A836}.Release|iPhone.ActiveCfg = Release|Any CPU
		{8350471C-52C5-4809-A800-3A056FF4A836}.Release|iPhone.Build.0 = Release|Any CPU
		{8350471C-52C5-4809-A800-3A056FF4A836}.Release|iPhone.Deploy.0 = Release|Any CPU
		{8350471C-52C5-4809-A800-3A056FF4A836}.Release|iPhoneSimulator.ActiveCfg = Release|Any CPU
		{8350471C-52C5-4809-A800-3A056FF4A836}.Release|iPhoneSimulator.Build.0 = Release|Any CPU
		{8350471C-52C5-4809-A800-3A056FF4A836}.Release|iPhoneSimulator.Deploy.0 = Release|Any CPU
		{8350471C-52C5-4809-A800-3A056FF4A836}.Release|x64.ActiveCfg = Release|x64
		{8350471C-52C5-4809-A800-3A056FF4A836}.Release|x64.Build.0 = Release|x64
		{8350471C-52C5-4809-A800-3A056FF4A836}.Release|x64.Deploy.0 = Release|x64
		{8350471C-52C5-4809-A800-3A056FF4A836}.Release|x86.ActiveCfg = Release|x86
		{8350471C-52C5-4809-A800-3A056FF4A836}.Release|x86.Build.0 = Release|x86
		{8350471C-52C5-4809-A800-3A056FF4A836}.Release|x86.Deploy.0 = Release|x86
	EndGlobalSection
	GlobalSection(SolutionProperties) = preSolution
		HideSolutionNode = FALSE
	EndGlobalSection
EndGlobal
